
Microsoft Visual Studio Solution File, Format Version 12.00
# Visual Studio Version 17
VisualStudioVersion = 17.9.34728.123
MinimumVisualStudioVersion = 10.0.40219.1
Project("{FAE04EC0-301F-11D3-BF4B-00C04F79EFBC}") = "CSharpCourses_Classes_Batch13", "CSharpCourses_Classes_Batch13\CSharpCourses_Classes_Batch13.csproj", "{E14DE907-92D6-43DF-A884-33304AB14F67}"
EndProject
Global
	GlobalSection(SolutionConfigurationPlatforms) = preSolution
		Debug|Any CPU = Debug|Any CPU
		Release|Any CPU = Release|Any CPU
	EndGlobalSection
	GlobalSection(ProjectConfigurationPlatforms) = postSolution
		{E14DE907-92D6-43DF-A884-33304AB14F67}.Debug|Any CPU.ActiveCfg = Debug|Any CPU
		{E14DE907-92D6-43DF-A884-33304AB14F67}.Debug|Any CPU.Build.0 = Debug|Any CPU
		{E14DE907-92D6-43DF-A884-33304AB14F67}.Release|Any CPU.ActiveCfg = Release|Any CPU
		{E14DE907-92D6-43DF-A884-33304AB14F67}.Release|Any CPU.Build.0 = Release|Any CPU
	EndGlobalSection
	GlobalSection(SolutionProperties) = preSolution
		HideSolutionNode = FALSE
	EndGlobalSection
	GlobalSection(ExtensibilityGlobals) = postSolution
		SolutionGuid = {84CA4061-77F8-4D00-9875-46CC8520EA78}
	EndGlobalSection
EndGlobal
